// !$*UTF8*$!
{
	archiveVersion = 1;
	classes = {
	};
	objectVersion = 56;
	objects = {

/* Begin PBXBuildFile section */
		8033B8322AF74BD10032009A /* AppDelegate.swift in Sources */ = {isa = PBXBuildFile; fileRef = 8033B8312AF74BD10032009A /* AppDelegate.swift */; };
		8033B8342AF74BD10032009A /* SceneDelegate.swift in Sources */ = {isa = PBXBuildFile; fileRef = 8033B8332AF74BD10032009A /* SceneDelegate.swift */; };
		8033B8362AF74BD10032009A /* MainVC.swift in Sources */ = {isa = PBXBuildFile; fileRef = 8033B8352AF74BD10032009A /* MainVC.swift */; };
		8033B8392AF74BD10032009A /* Main.storyboard in Resources */ = {isa = PBXBuildFile; fileRef = 8033B8372AF74BD10032009A /* Main.storyboard */; };
		8033B83B2AF74BD40032009A /* Assets.xcassets in Resources */ = {isa = PBXBuildFile; fileRef = 8033B83A2AF74BD40032009A /* Assets.xcassets */; };
		8033B83E2AF74BD40032009A /* LaunchScreen.storyboard in Resources */ = {isa = PBXBuildFile; fileRef = 8033B83C2AF74BD40032009A /* LaunchScreen.storyboard */; };
		8058F9B92AFF7F2500868D58 /* Localizable.strings in Resources */ = {isa = PBXBuildFile; fileRef = 8058F9BB2AFF7F2500868D58 /* Localizable.strings */; };
		8058F9C42AFFCC5F00868D58 /* WidgetKit.framework in Frameworks */ = {isa = PBXBuildFile; fileRef = 8058F9C32AFFCC5F00868D58 /* WidgetKit.framework */; };
		8058F9C62AFFCC5F00868D58 /* SwiftUI.framework in Frameworks */ = {isa = PBXBuildFile; fileRef = 8058F9C52AFFCC5F00868D58 /* SwiftUI.framework */; };
		8058F9C92AFFCC5F00868D58 /* DayWidgetBundle.swift in Sources */ = {isa = PBXBuildFile; fileRef = 8058F9C82AFFCC5F00868D58 /* DayWidgetBundle.swift */; };
		8058F9CB2AFFCC5F00868D58 /* DayWidget.swift in Sources */ = {isa = PBXBuildFile; fileRef = 8058F9CA2AFFCC5F00868D58 /* DayWidget.swift */; };
		8058F9CD2AFFCC6200868D58 /* Assets.xcassets in Resources */ = {isa = PBXBuildFile; fileRef = 8058F9CC2AFFCC6200868D58 /* Assets.xcassets */; };
		8058F9D12AFFCC6200868D58 /* DayWidgetExtension.appex in Embed Foundation Extensions */ = {isa = PBXBuildFile; fileRef = 8058F9C22AFFCC5F00868D58 /* DayWidgetExtension.appex */; settings = {ATTRIBUTES = (RemoveHeadersOnCopy, ); }; };
		8058F9D72AFFCDB000868D58 /* DayWidget.intentdefinition in Sources */ = {isa = PBXBuildFile; fileRef = 8058F9D62AFFCDAF00868D58 /* DayWidget.intentdefinition */; };
		8058F9D82AFFCDB000868D58 /* DayWidget.intentdefinition in Sources */ = {isa = PBXBuildFile; fileRef = 8058F9D62AFFCDAF00868D58 /* DayWidget.intentdefinition */; };
		8058F9DA2AFFD00A00868D58 /* Localizable.strings in Resources */ = {isa = PBXBuildFile; fileRef = 8058F9BB2AFF7F2500868D58 /* Localizable.strings */; };
		805D7D982AF777FA00DC8CFC /* CalendarDateView.swift in Sources */ = {isa = PBXBuildFile; fileRef = 805D7D972AF777FA00DC8CFC /* CalendarDateView.swift */; };
		805D7D9B2AF778F100DC8CFC /* UIView+Extension.swift in Sources */ = {isa = PBXBuildFile; fileRef = 805D7D9A2AF778F100DC8CFC /* UIView+Extension.swift */; };
		805D7D9E2AF7796000DC8CFC /* MainVM.swift in Sources */ = {isa = PBXBuildFile; fileRef = 805D7D9D2AF7796000DC8CFC /* MainVM.swift */; };
		805D7DA12AF77A3300DC8CFC /* CombineCocoa in Frameworks */ = {isa = PBXBuildFile; productRef = 805D7DA02AF77A3300DC8CFC /* CombineCocoa */; };
		805D7DA42AF77AE400DC8CFC /* DiaryModel.swift in Sources */ = {isa = PBXBuildFile; fileRef = 805D7DA32AF77AE400DC8CFC /* DiaryModel.swift */; };
		805D7DA62AF77AEB00DC8CFC /* MainStickers.swift in Sources */ = {isa = PBXBuildFile; fileRef = 805D7DA52AF77AEB00DC8CFC /* MainStickers.swift */; };
		805D7DA82AF77AF100DC8CFC /* subscription.swift in Sources */ = {isa = PBXBuildFile; fileRef = 805D7DA72AF77AF100DC8CFC /* subscription.swift */; };
		805D7DAA2AF77B3000DC8CFC /* Firebase.swift in Sources */ = {isa = PBXBuildFile; fileRef = 805D7DA92AF77B2F00DC8CFC /* Firebase.swift */; };
		805D7DAC2AF77C5700DC8CFC /* String+Extension.swift in Sources */ = {isa = PBXBuildFile; fileRef = 805D7DAB2AF77C5700DC8CFC /* String+Extension.swift */; };
		805D7DAE2AF77D3500DC8CFC /* Date+Extension.swift in Sources */ = {isa = PBXBuildFile; fileRef = 805D7DAD2AF77D3500DC8CFC /* Date+Extension.swift */; };
		80A129DB2AFFE26A000A0C6A /* Pods-MoodOMeter.release.xcconfig in Resources */ = {isa = PBXBuildFile; fileRef = 96E633D1AF2356CD09B826D6 /* Pods-MoodOMeter.release.xcconfig */; };
		80A129DC2AFFE26B000A0C6A /* Pods-MoodOMeter.release.xcconfig in Resources */ = {isa = PBXBuildFile; fileRef = 96E633D1AF2356CD09B826D6 /* Pods-MoodOMeter.release.xcconfig */; };
		80A129DD2AFFE26D000A0C6A /* Pods-MoodOMeter.debug.xcconfig in Resources */ = {isa = PBXBuildFile; fileRef = FDF97CE5461F01F426B82A88 /* Pods-MoodOMeter.debug.xcconfig */; };
		80A129DE2AFFE26E000A0C6A /* Pods-MoodOMeter.debug.xcconfig in Resources */ = {isa = PBXBuildFile; fileRef = FDF97CE5461F01F426B82A88 /* Pods-MoodOMeter.debug.xcconfig */; };
		80BCF5E52AF8AB6E00802B96 /* DiaryViewCell.swift in Sources */ = {isa = PBXBuildFile; fileRef = 80BCF5E32AF8AB6E00802B96 /* DiaryViewCell.swift */; };
		80BCF5E62AF8AB6E00802B96 /* DiaryViewCell.xib in Resources */ = {isa = PBXBuildFile; fileRef = 80BCF5E42AF8AB6E00802B96 /* DiaryViewCell.xib */; };
		80BCF5E82AF8B0AC00802B96 /* DiaryVC.swift in Sources */ = {isa = PBXBuildFile; fileRef = 80BCF5E72AF8B0AC00802B96 /* DiaryVC.swift */; };
		80BCF5ED2AF8BBBE00802B96 /* SnapKit in Frameworks */ = {isa = PBXBuildFile; productRef = 80BCF5EC2AF8BBBE00802B96 /* SnapKit */; };
		80BCF5EF2AF8BDDD00802B96 /* DiaryCollectionViewCell.swift in Sources */ = {isa = PBXBuildFile; fileRef = 80BCF5EE2AF8BDDD00802B96 /* DiaryCollectionViewCell.swift */; };
		80BCF5F12AF8CDAB00802B96 /* DairyVM.swift in Sources */ = {isa = PBXBuildFile; fileRef = 80BCF5F02AF8CDAB00802B96 /* DairyVM.swift */; };
		80BCF5F32AF9470A00802B96 /* ReportVC.swift in Sources */ = {isa = PBXBuildFile; fileRef = 80BCF5F22AF9470A00802B96 /* ReportVC.swift */; };
		80BCF5F52AF94E9E00802B96 /* ReportVM.swift in Sources */ = {isa = PBXBuildFile; fileRef = 80BCF5F42AF94E9E00802B96 /* ReportVM.swift */; };
		80BCF5F72AFA337D00802B96 /* WriteDiaryVC.swift in Sources */ = {isa = PBXBuildFile; fileRef = 80BCF5F62AFA337D00802B96 /* WriteDiaryVC.swift */; };
		80BCF5F92AFA35AC00802B96 /* WriteDiaryVM.swift in Sources */ = {isa = PBXBuildFile; fileRef = 80BCF5F82AFA35AC00802B96 /* WriteDiaryVM.swift */; };
		80BCF5FB2AFA887200802B96 /* user defaults.md in Resources */ = {isa = PBXBuildFile; fileRef = 80BCF5FA2AFA887100802B96 /* user defaults.md */; };
		80BCF5FD2AFA8A7000802B96 /* GoogleService-Info.plist in Resources */ = {isa = PBXBuildFile; fileRef = 80BCF5FC2AFA8A7000802B96 /* GoogleService-Info.plist */; };
		80BCF5FF2AFA99B500802B96 /* StickerVC.swift in Sources */ = {isa = PBXBuildFile; fileRef = 80BCF5FE2AFA99B400802B96 /* StickerVC.swift */; };
		80BCF6032AFAA2A500802B96 /* PlainSegmentedControl.swift in Sources */ = {isa = PBXBuildFile; fileRef = 80BCF6022AFAA2A500802B96 /* PlainSegmentedControl.swift */; };
		80BCF6052AFAA2C700802B96 /* UIImage+Extension.swift in Sources */ = {isa = PBXBuildFile; fileRef = 80BCF6042AFAA2C700802B96 /* UIImage+Extension.swift */; };
		80BCF6072AFAA43700802B96 /* StickerVCCell.swift in Sources */ = {isa = PBXBuildFile; fileRef = 80BCF6062AFAA43700802B96 /* StickerVCCell.swift */; };
		80BCF60B2AFB703700802B96 /* UINavigationController+Extension.swift in Sources */ = {isa = PBXBuildFile; fileRef = 80BCF60A2AFB703600802B96 /* UINavigationController+Extension.swift */; };
		80BCF60D2AFB96E400802B96 /* SettingVC.swift in Sources */ = {isa = PBXBuildFile; fileRef = 80BCF60C2AFB96E400802B96 /* SettingVC.swift */; };
		80BCF6162AFB9AEF00802B96 /* IndicatorViewFactory.swift in Sources */ = {isa = PBXBuildFile; fileRef = 80BCF6152AFB9AEF00802B96 /* IndicatorViewFactory.swift */; };
		80BCF6182AFBA5C700802B96 /* SettingVM.swift in Sources */ = {isa = PBXBuildFile; fileRef = 80BCF6172AFBA5C700802B96 /* SettingVM.swift */; };
		80BCF61B2AFBB78400802B96 /* DatePickerVC.swift in Sources */ = {isa = PBXBuildFile; fileRef = 80BCF61A2AFBB78400802B96 /* DatePickerVC.swift */; };
		80BCF61D2AFBBD3800802B96 /* Int+Extension.swift in Sources */ = {isa = PBXBuildFile; fileRef = 80BCF61C2AFBBD3800802B96 /* Int+Extension.swift */; };
		80BCF61F2AFBCB8500802B96 /* PasswordSettingVC.swift in Sources */ = {isa = PBXBuildFile; fileRef = 80BCF61E2AFBCB8500802B96 /* PasswordSettingVC.swift */; };
		80BCF6222AFBDA4000802B96 /* PasswordViewSettingVM.swift in Sources */ = {isa = PBXBuildFile; fileRef = 80BCF6212AFBDA4000802B96 /* PasswordViewSettingVM.swift */; };
		80BCF6242AFBDED000802B96 /* PasswordPadVC.swift in Sources */ = {isa = PBXBuildFile; fileRef = 80BCF6232AFBDED000802B96 /* PasswordPadVC.swift */; };
		80BCF6262AFBF7C800802B96 /* LanguageVC.swift in Sources */ = {isa = PBXBuildFile; fileRef = 80BCF6252AFBF7C800802B96 /* LanguageVC.swift */; };
		80BCF6292AFCA77000802B96 /* LanguageManager.swift in Sources */ = {isa = PBXBuildFile; fileRef = 80BCF6282AFCA77000802B96 /* LanguageManager.swift */; };
		80BCF62B2AFCA7BC00802B96 /* LanguageVM.swift in Sources */ = {isa = PBXBuildFile; fileRef = 80BCF62A2AFCA7BC00802B96 /* LanguageVM.swift */; };
		80BCF62D2AFCAE1600802B96 /* SubscriptionVC.swift in Sources */ = {isa = PBXBuildFile; fileRef = 80BCF62C2AFCAE1500802B96 /* SubscriptionVC.swift */; };
		80BCF62F2AFCB06300802B96 /* SubscriptionVM.swift in Sources */ = {isa = PBXBuildFile; fileRef = 80BCF62E2AFCB06300802B96 /* SubscriptionVM.swift */; };
		80BCF6312AFCD50200802B96 /* StoreKit.framework in Frameworks */ = {isa = PBXBuildFile; fileRef = 80BCF6302AFCD50100802B96 /* StoreKit.framework */; };
		80BCF6332AFCE65000802B96 /* ConnectToSNSVC.swift in Sources */ = {isa = PBXBuildFile; fileRef = 80BCF6322AFCE65000802B96 /* ConnectToSNSVC.swift */; };
		80BCF6352AFCE9AE00802B96 /* ConnectToSNSVM.swift in Sources */ = {isa = PBXBuildFile; fileRef = 80BCF6342AFCE9AE00802B96 /* ConnectToSNSVM.swift */; };
		80CE65762AFDE518007F4550 /* UIAlertFactory.swift in Sources */ = {isa = PBXBuildFile; fileRef = 80CE65752AFDE518007F4550 /* UIAlertFactory.swift */; };
		80CE65782AFDE76E007F4550 /* UIAlertAction+Extension.swift in Sources */ = {isa = PBXBuildFile; fileRef = 80CE65772AFDE76E007F4550 /* UIAlertAction+Extension.swift */; };
		865A72EDD3836173149BD8CD /* Pods_MoodOMeter.framework in Frameworks */ = {isa = PBXBuildFile; fileRef = E7F046045062FE3A78FCE025 /* Pods_MoodOMeter.framework */; };
/* End PBXBuildFile section */

/* Begin PBXContainerItemProxy section */
		8058F9CF2AFFCC6200868D58 /* PBXContainerItemProxy */ = {
			isa = PBXContainerItemProxy;
			containerPortal = 8033B8262AF74BD10032009A /* Project object */;
			proxyType = 1;
			remoteGlobalIDString = 8058F9C12AFFCC5F00868D58;
			remoteInfo = DayWidgetExtension;
		};
/* End PBXContainerItemProxy section */

/* Begin PBXCopyFilesBuildPhase section */
		8058F9D52AFFCC6200868D58 /* Embed Foundation Extensions */ = {
			isa = PBXCopyFilesBuildPhase;
			buildActionMask = 2147483647;
			dstPath = "";
			dstSubfolderSpec = 13;
			files = (
				8058F9D12AFFCC6200868D58 /* DayWidgetExtension.appex in Embed Foundation Extensions */,
			);
			name = "Embed Foundation Extensions";
			runOnlyForDeploymentPostprocessing = 0;
		};
/* End PBXCopyFilesBuildPhase section */

/* Begin PBXFileReference section */
		8033B82E2AF74BD10032009A /* MoodOMeter.app */ = {isa = PBXFileReference; explicitFileType = wrapper.application; includeInIndex = 0; path = MoodOMeter.app; sourceTree = BUILT_PRODUCTS_DIR; };
		8033B8312AF74BD10032009A /* AppDelegate.swift */ = {isa = PBXFileReference; lastKnownFileType = sourcecode.swift; path = AppDelegate.swift; sourceTree = "<group>"; };
		8033B8332AF74BD10032009A /* SceneDelegate.swift */ = {isa = PBXFileReference; lastKnownFileType = sourcecode.swift; path = SceneDelegate.swift; sourceTree = "<group>"; };
		8033B8352AF74BD10032009A /* MainVC.swift */ = {isa = PBXFileReference; lastKnownFileType = sourcecode.swift; path = MainVC.swift; sourceTree = "<group>"; };
		8033B83A2AF74BD40032009A /* Assets.xcassets */ = {isa = PBXFileReference; lastKnownFileType = folder.assetcatalog; path = Assets.xcassets; sourceTree = "<group>"; };
		8033B83F2AF74BD40032009A /* Info.plist */ = {isa = PBXFileReference; lastKnownFileType = text.plist.xml; path = Info.plist; sourceTree = "<group>"; };
		8058F9BA2AFF7F2500868D58 /* ko */ = {isa = PBXFileReference; lastKnownFileType = text.plist.strings; name = ko; path = ko.lproj/Localizable.strings; sourceTree = "<group>"; };
		8058F9BC2AFF7F2800868D58 /* en */ = {isa = PBXFileReference; lastKnownFileType = text.plist.strings; name = en; path = en.lproj/Localizable.strings; sourceTree = "<group>"; };
		8058F9BD2AFF7F2A00868D58 /* id */ = {isa = PBXFileReference; lastKnownFileType = text.plist.strings; name = id; path = id.lproj/Localizable.strings; sourceTree = "<group>"; };
		8058F9C22AFFCC5F00868D58 /* DayWidgetExtension.appex */ = {isa = PBXFileReference; explicitFileType = "wrapper.app-extension"; includeInIndex = 0; path = DayWidgetExtension.appex; sourceTree = BUILT_PRODUCTS_DIR; };
		8058F9C32AFFCC5F00868D58 /* WidgetKit.framework */ = {isa = PBXFileReference; lastKnownFileType = wrapper.framework; name = WidgetKit.framework; path = System/Library/Frameworks/WidgetKit.framework; sourceTree = SDKROOT; };
		8058F9C52AFFCC5F00868D58 /* SwiftUI.framework */ = {isa = PBXFileReference; lastKnownFileType = wrapper.framework; name = SwiftUI.framework; path = System/Library/Frameworks/SwiftUI.framework; sourceTree = SDKROOT; };
		8058F9C82AFFCC5F00868D58 /* DayWidgetBundle.swift */ = {isa = PBXFileReference; lastKnownFileType = sourcecode.swift; path = DayWidgetBundle.swift; sourceTree = "<group>"; };
		8058F9CA2AFFCC5F00868D58 /* DayWidget.swift */ = {isa = PBXFileReference; lastKnownFileType = sourcecode.swift; path = DayWidget.swift; sourceTree = "<group>"; };
		8058F9CC2AFFCC6200868D58 /* Assets.xcassets */ = {isa = PBXFileReference; lastKnownFileType = folder.assetcatalog; path = Assets.xcassets; sourceTree = "<group>"; };
		8058F9CE2AFFCC6200868D58 /* Info.plist */ = {isa = PBXFileReference; lastKnownFileType = text.plist.xml; path = Info.plist; sourceTree = "<group>"; };
		8058F9D62AFFCDAF00868D58 /* DayWidget.intentdefinition */ = {isa = PBXFileReference; fileEncoding = 4; lastKnownFileType = file.intentdefinition; path = DayWidget.intentdefinition; sourceTree = "<group>"; };
		8058F9D92AFFCE2700868D58 /* MoodOMeter.entitlements */ = {isa = PBXFileReference; lastKnownFileType = text.plist.entitlements; path = MoodOMeter.entitlements; sourceTree = "<group>"; };
		805D7D972AF777FA00DC8CFC /* CalendarDateView.swift */ = {isa = PBXFileReference; lastKnownFileType = sourcecode.swift; path = CalendarDateView.swift; sourceTree = "<group>"; };
		805D7D9A2AF778F100DC8CFC /* UIView+Extension.swift */ = {isa = PBXFileReference; fileEncoding = 4; lastKnownFileType = sourcecode.swift; path = "UIView+Extension.swift"; sourceTree = "<group>"; };
		805D7D9D2AF7796000DC8CFC /* MainVM.swift */ = {isa = PBXFileReference; lastKnownFileType = sourcecode.swift; path = MainVM.swift; sourceTree = "<group>"; };
		805D7DA32AF77AE400DC8CFC /* DiaryModel.swift */ = {isa = PBXFileReference; fileEncoding = 4; lastKnownFileType = sourcecode.swift; path = DiaryModel.swift; sourceTree = "<group>"; };
		805D7DA52AF77AEB00DC8CFC /* MainStickers.swift */ = {isa = PBXFileReference; fileEncoding = 4; lastKnownFileType = sourcecode.swift; path = MainStickers.swift; sourceTree = "<group>"; };
		805D7DA72AF77AF100DC8CFC /* subscription.swift */ = {isa = PBXFileReference; fileEncoding = 4; lastKnownFileType = sourcecode.swift; path = subscription.swift; sourceTree = "<group>"; };
		805D7DA92AF77B2F00DC8CFC /* Firebase.swift */ = {isa = PBXFileReference; fileEncoding = 4; lastKnownFileType = sourcecode.swift; path = Firebase.swift; sourceTree = "<group>"; };
		805D7DAB2AF77C5700DC8CFC /* String+Extension.swift */ = {isa = PBXFileReference; fileEncoding = 4; lastKnownFileType = sourcecode.swift; path = "String+Extension.swift"; sourceTree = "<group>"; };
		805D7DAD2AF77D3500DC8CFC /* Date+Extension.swift */ = {isa = PBXFileReference; lastKnownFileType = sourcecode.swift; path = "Date+Extension.swift"; sourceTree = "<group>"; };
		80BCF5E32AF8AB6E00802B96 /* DiaryViewCell.swift */ = {isa = PBXFileReference; lastKnownFileType = sourcecode.swift; path = DiaryViewCell.swift; sourceTree = "<group>"; };
		80BCF5E42AF8AB6E00802B96 /* DiaryViewCell.xib */ = {isa = PBXFileReference; lastKnownFileType = file.xib; path = DiaryViewCell.xib; sourceTree = "<group>"; };
		80BCF5E72AF8B0AC00802B96 /* DiaryVC.swift */ = {isa = PBXFileReference; lastKnownFileType = sourcecode.swift; path = DiaryVC.swift; sourceTree = "<group>"; };
		80BCF5EE2AF8BDDD00802B96 /* DiaryCollectionViewCell.swift */ = {isa = PBXFileReference; lastKnownFileType = sourcecode.swift; path = DiaryCollectionViewCell.swift; sourceTree = "<group>"; };
		80BCF5F02AF8CDAB00802B96 /* DairyVM.swift */ = {isa = PBXFileReference; lastKnownFileType = sourcecode.swift; path = DairyVM.swift; sourceTree = "<group>"; };
		80BCF5F22AF9470A00802B96 /* ReportVC.swift */ = {isa = PBXFileReference; lastKnownFileType = sourcecode.swift; path = ReportVC.swift; sourceTree = "<group>"; };
		80BCF5F42AF94E9E00802B96 /* ReportVM.swift */ = {isa = PBXFileReference; lastKnownFileType = sourcecode.swift; path = ReportVM.swift; sourceTree = "<group>"; };
		80BCF5F62AFA337D00802B96 /* WriteDiaryVC.swift */ = {isa = PBXFileReference; lastKnownFileType = sourcecode.swift; path = WriteDiaryVC.swift; sourceTree = "<group>"; };
		80BCF5F82AFA35AC00802B96 /* WriteDiaryVM.swift */ = {isa = PBXFileReference; lastKnownFileType = sourcecode.swift; path = WriteDiaryVM.swift; sourceTree = "<group>"; };
		80BCF5FA2AFA887100802B96 /* user defaults.md */ = {isa = PBXFileReference; fileEncoding = 4; lastKnownFileType = net.daringfireball.markdown; path = "user defaults.md"; sourceTree = "<group>"; };
		80BCF5FC2AFA8A7000802B96 /* GoogleService-Info.plist */ = {isa = PBXFileReference; fileEncoding = 4; lastKnownFileType = text.plist.xml; path = "GoogleService-Info.plist"; sourceTree = "<group>"; };
		80BCF5FE2AFA99B400802B96 /* StickerVC.swift */ = {isa = PBXFileReference; lastKnownFileType = sourcecode.swift; path = StickerVC.swift; sourceTree = "<group>"; };
		80BCF6022AFAA2A500802B96 /* PlainSegmentedControl.swift */ = {isa = PBXFileReference; lastKnownFileType = sourcecode.swift; path = PlainSegmentedControl.swift; sourceTree = "<group>"; };
		80BCF6042AFAA2C700802B96 /* UIImage+Extension.swift */ = {isa = PBXFileReference; lastKnownFileType = sourcecode.swift; path = "UIImage+Extension.swift"; sourceTree = "<group>"; };
		80BCF6062AFAA43700802B96 /* StickerVCCell.swift */ = {isa = PBXFileReference; lastKnownFileType = sourcecode.swift; path = StickerVCCell.swift; sourceTree = "<group>"; };
		80BCF60A2AFB703600802B96 /* UINavigationController+Extension.swift */ = {isa = PBXFileReference; lastKnownFileType = sourcecode.swift; path = "UINavigationController+Extension.swift"; sourceTree = "<group>"; };
		80BCF60C2AFB96E400802B96 /* SettingVC.swift */ = {isa = PBXFileReference; fileEncoding = 4; lastKnownFileType = sourcecode.swift; path = SettingVC.swift; sourceTree = "<group>"; };
		80BCF6152AFB9AEF00802B96 /* IndicatorViewFactory.swift */ = {isa = PBXFileReference; lastKnownFileType = sourcecode.swift; path = IndicatorViewFactory.swift; sourceTree = "<group>"; };
		80BCF6172AFBA5C700802B96 /* SettingVM.swift */ = {isa = PBXFileReference; lastKnownFileType = sourcecode.swift; path = SettingVM.swift; sourceTree = "<group>"; };
		80BCF61A2AFBB78400802B96 /* DatePickerVC.swift */ = {isa = PBXFileReference; fileEncoding = 4; lastKnownFileType = sourcecode.swift; path = DatePickerVC.swift; sourceTree = "<group>"; };
		80BCF61C2AFBBD3800802B96 /* Int+Extension.swift */ = {isa = PBXFileReference; lastKnownFileType = sourcecode.swift; path = "Int+Extension.swift"; sourceTree = "<group>"; };
		80BCF61E2AFBCB8500802B96 /* PasswordSettingVC.swift */ = {isa = PBXFileReference; fileEncoding = 4; lastKnownFileType = sourcecode.swift; path = PasswordSettingVC.swift; sourceTree = "<group>"; };
		80BCF6212AFBDA4000802B96 /* PasswordViewSettingVM.swift */ = {isa = PBXFileReference; lastKnownFileType = sourcecode.swift; path = PasswordViewSettingVM.swift; sourceTree = "<group>"; };
		80BCF6232AFBDED000802B96 /* PasswordPadVC.swift */ = {isa = PBXFileReference; fileEncoding = 4; lastKnownFileType = sourcecode.swift; path = PasswordPadVC.swift; sourceTree = "<group>"; };
		80BCF6252AFBF7C800802B96 /* LanguageVC.swift */ = {isa = PBXFileReference; fileEncoding = 4; lastKnownFileType = sourcecode.swift; path = LanguageVC.swift; sourceTree = "<group>"; };
		80BCF6282AFCA77000802B96 /* LanguageManager.swift */ = {isa = PBXFileReference; fileEncoding = 4; lastKnownFileType = sourcecode.swift; path = LanguageManager.swift; sourceTree = "<group>"; };
		80BCF62A2AFCA7BC00802B96 /* LanguageVM.swift */ = {isa = PBXFileReference; lastKnownFileType = sourcecode.swift; path = LanguageVM.swift; sourceTree = "<group>"; };
		80BCF62C2AFCAE1500802B96 /* SubscriptionVC.swift */ = {isa = PBXFileReference; fileEncoding = 4; lastKnownFileType = sourcecode.swift; path = SubscriptionVC.swift; sourceTree = "<group>"; };
		80BCF62E2AFCB06300802B96 /* SubscriptionVM.swift */ = {isa = PBXFileReference; lastKnownFileType = sourcecode.swift; path = SubscriptionVM.swift; sourceTree = "<group>"; };
		80BCF6302AFCD50100802B96 /* StoreKit.framework */ = {isa = PBXFileReference; lastKnownFileType = wrapper.framework; name = StoreKit.framework; path = System/Library/Frameworks/StoreKit.framework; sourceTree = SDKROOT; };
		80BCF6322AFCE65000802B96 /* ConnectToSNSVC.swift */ = {isa = PBXFileReference; fileEncoding = 4; lastKnownFileType = sourcecode.swift; path = ConnectToSNSVC.swift; sourceTree = "<group>"; };
		80BCF6342AFCE9AE00802B96 /* ConnectToSNSVM.swift */ = {isa = PBXFileReference; lastKnownFileType = sourcecode.swift; path = ConnectToSNSVM.swift; sourceTree = "<group>"; };
		80CE65752AFDE518007F4550 /* UIAlertFactory.swift */ = {isa = PBXFileReference; lastKnownFileType = sourcecode.swift; path = UIAlertFactory.swift; sourceTree = "<group>"; };
		80CE65772AFDE76E007F4550 /* UIAlertAction+Extension.swift */ = {isa = PBXFileReference; lastKnownFileType = sourcecode.swift; path = "UIAlertAction+Extension.swift"; sourceTree = "<group>"; };
		80CE659D2AFE8A39007F4550 /* Base */ = {isa = PBXFileReference; lastKnownFileType = file.storyboard; name = Base; path = Base.lproj/Main.storyboard; sourceTree = "<group>"; };
		80CE659E2AFE8A39007F4550 /* Base */ = {isa = PBXFileReference; lastKnownFileType = file.storyboard; name = Base; path = Base.lproj/LaunchScreen.storyboard; sourceTree = "<group>"; };
		80CE659F2AFE8A45007F4550 /* en */ = {isa = PBXFileReference; lastKnownFileType = text.plist.strings; name = en; path = en.lproj/Main.strings; sourceTree = "<group>"; };
		80CE65A02AFE8A53007F4550 /* id */ = {isa = PBXFileReference; lastKnownFileType = text.plist.strings; name = id; path = id.lproj/Main.strings; sourceTree = "<group>"; };
		96E633D1AF2356CD09B826D6 /* Pods-MoodOMeter.release.xcconfig */ = {isa = PBXFileReference; includeInIndex = 1; lastKnownFileType = text.xcconfig; name = "Pods-MoodOMeter.release.xcconfig"; path = "Target Support Files/Pods-MoodOMeter/Pods-MoodOMeter.release.xcconfig"; sourceTree = "<group>"; };
		E7F046045062FE3A78FCE025 /* Pods_MoodOMeter.framework */ = {isa = PBXFileReference; explicitFileType = wrapper.framework; includeInIndex = 0; path = Pods_MoodOMeter.framework; sourceTree = BUILT_PRODUCTS_DIR; };
		FDF97CE5461F01F426B82A88 /* Pods-MoodOMeter.debug.xcconfig */ = {isa = PBXFileReference; includeInIndex = 1; lastKnownFileType = text.xcconfig; name = "Pods-MoodOMeter.debug.xcconfig"; path = "Target Support Files/Pods-MoodOMeter/Pods-MoodOMeter.debug.xcconfig"; sourceTree = "<group>"; };
/* End PBXFileReference section */

/* Begin PBXFrameworksBuildPhase section */
		8033B82B2AF74BD10032009A /* Frameworks */ = {
			isa = PBXFrameworksBuildPhase;
			buildActionMask = 2147483647;
			files = (
				80BCF5ED2AF8BBBE00802B96 /* SnapKit in Frameworks */,
				805D7DA12AF77A3300DC8CFC /* CombineCocoa in Frameworks */,
				865A72EDD3836173149BD8CD /* Pods_MoodOMeter.framework in Frameworks */,
				80BCF6312AFCD50200802B96 /* StoreKit.framework in Frameworks */,
			);
			runOnlyForDeploymentPostprocessing = 0;
		};
		8058F9BF2AFFCC5F00868D58 /* Frameworks */ = {
			isa = PBXFrameworksBuildPhase;
			buildActionMask = 2147483647;
			files = (
				8058F9C62AFFCC5F00868D58 /* SwiftUI.framework in Frameworks */,
				8058F9C42AFFCC5F00868D58 /* WidgetKit.framework in Frameworks */,
			);
			runOnlyForDeploymentPostprocessing = 0;
		};
/* End PBXFrameworksBuildPhase section */

/* Begin PBXGroup section */
		05B604316CAA5AD65597027B /* Pods */ = {
			isa = PBXGroup;
			children = (
				FDF97CE5461F01F426B82A88 /* Pods-MoodOMeter.debug.xcconfig */,
				96E633D1AF2356CD09B826D6 /* Pods-MoodOMeter.release.xcconfig */,
			);
			path = Pods;
			sourceTree = "<group>";
		};
		8033B8252AF74BD10032009A = {
			isa = PBXGroup;
			children = (
				8033B8302AF74BD10032009A /* MoodOMeter */,
				8058F9C72AFFCC5F00868D58 /* DayWidget */,
				8033B82F2AF74BD10032009A /* Products */,
				05B604316CAA5AD65597027B /* Pods */,
				CA7A0B9C2A8835B6194BF131 /* Frameworks */,
			);
			sourceTree = "<group>";
		};
		8033B82F2AF74BD10032009A /* Products */ = {
			isa = PBXGroup;
			children = (
				8033B82E2AF74BD10032009A /* MoodOMeter.app */,
				8058F9C22AFFCC5F00868D58 /* DayWidgetExtension.appex */,
			);
			name = Products;
			sourceTree = "<group>";
		};
		8033B8302AF74BD10032009A /* MoodOMeter */ = {
			isa = PBXGroup;
			children = (
				8058F9D92AFFCE2700868D58 /* MoodOMeter.entitlements */,
				80BCF5FA2AFA887100802B96 /* user defaults.md */,
				8033B8312AF74BD10032009A /* AppDelegate.swift */,
				8033B8332AF74BD10032009A /* SceneDelegate.swift */,
				80BCF6272AFCA76300802B96 /* util */,
				80BCF6122AFB97DE00802B96 /* factory */,
				805D7D9C2AF7792900DC8CFC /* extension */,
				805D7DA22AF77AD300DC8CFC /* model */,
				805D7D962AF7662E00DC8CFC /* controller */,
				805D7DAF2AF7854B00DC8CFC /* viewModel */,
				805D7D992AF7780500DC8CFC /* view */,
				80BCF5FC2AFA8A7000802B96 /* GoogleService-Info.plist */,
				8033B83A2AF74BD40032009A /* Assets.xcassets */,
				8033B83C2AF74BD40032009A /* LaunchScreen.storyboard */,
				8033B83F2AF74BD40032009A /* Info.plist */,
			);
			path = MoodOMeter;
			sourceTree = "<group>";
		};
		8058F9C72AFFCC5F00868D58 /* DayWidget */ = {
			isa = PBXGroup;
			children = (
				8058F9C82AFFCC5F00868D58 /* DayWidgetBundle.swift */,
				8058F9CA2AFFCC5F00868D58 /* DayWidget.swift */,
				8058F9D62AFFCDAF00868D58 /* DayWidget.intentdefinition */,
				8058F9CC2AFFCC6200868D58 /* Assets.xcassets */,
				8058F9CE2AFFCC6200868D58 /* Info.plist */,
			);
			path = DayWidget;
			sourceTree = "<group>";
		};
		805D7D962AF7662E00DC8CFC /* controller */ = {
			isa = PBXGroup;
			children = (
				8033B8352AF74BD10032009A /* MainVC.swift */,
				80BCF5E72AF8B0AC00802B96 /* DiaryVC.swift */,
				80BCF5F22AF9470A00802B96 /* ReportVC.swift */,
				80BCF5F62AFA337D00802B96 /* WriteDiaryVC.swift */,
				80BCF5FE2AFA99B400802B96 /* StickerVC.swift */,
				80BCF60C2AFB96E400802B96 /* SettingVC.swift */,
				80BCF6192AFBB76D00802B96 /* setting */,
			);
			path = controller;
			sourceTree = "<group>";
		};
		805D7D992AF7780500DC8CFC /* view */ = {
			isa = PBXGroup;
			children = (
				8033B8372AF74BD10032009A /* Main.storyboard */,
				805D7D972AF777FA00DC8CFC /* CalendarDateView.swift */,
				80BCF5EE2AF8BDDD00802B96 /* DiaryCollectionViewCell.swift */,
				80BCF5E32AF8AB6E00802B96 /* DiaryViewCell.swift */,
				80BCF5E42AF8AB6E00802B96 /* DiaryViewCell.xib */,
				80BCF6062AFAA43700802B96 /* StickerVCCell.swift */,
				80BCF6022AFAA2A500802B96 /* PlainSegmentedControl.swift */,
			);
			path = view;
			sourceTree = "<group>";
		};
		805D7D9C2AF7792900DC8CFC /* extension */ = {
			isa = PBXGroup;
			children = (
				805D7D9A2AF778F100DC8CFC /* UIView+Extension.swift */,
				805D7DAB2AF77C5700DC8CFC /* String+Extension.swift */,
				80BCF61C2AFBBD3800802B96 /* Int+Extension.swift */,
				805D7DAD2AF77D3500DC8CFC /* Date+Extension.swift */,
				80BCF6042AFAA2C700802B96 /* UIImage+Extension.swift */,
				80BCF60A2AFB703600802B96 /* UINavigationController+Extension.swift */,
				80CE65772AFDE76E007F4550 /* UIAlertAction+Extension.swift */,
			);
			path = extension;
			sourceTree = "<group>";
		};
		805D7DA22AF77AD300DC8CFC /* model */ = {
			isa = PBXGroup;
			children = (
				805D7DA92AF77B2F00DC8CFC /* Firebase.swift */,
				805D7DA32AF77AE400DC8CFC /* DiaryModel.swift */,
				805D7DA52AF77AEB00DC8CFC /* MainStickers.swift */,
				805D7DA72AF77AF100DC8CFC /* subscription.swift */,
			);
			path = model;
			sourceTree = "<group>";
		};
		805D7DAF2AF7854B00DC8CFC /* viewModel */ = {
			isa = PBXGroup;
			children = (
				805D7D9D2AF7796000DC8CFC /* MainVM.swift */,
				80BCF5F02AF8CDAB00802B96 /* DairyVM.swift */,
				80BCF5F42AF94E9E00802B96 /* ReportVM.swift */,
				80BCF5F82AFA35AC00802B96 /* WriteDiaryVM.swift */,
				80BCF6172AFBA5C700802B96 /* SettingVM.swift */,
				80BCF6202AFBDA2B00802B96 /* setting */,
			);
			path = viewModel;
			sourceTree = "<group>";
		};
		80BCF6122AFB97DE00802B96 /* factory */ = {
			isa = PBXGroup;
			children = (
				80BCF6152AFB9AEF00802B96 /* IndicatorViewFactory.swift */,
				80CE65752AFDE518007F4550 /* UIAlertFactory.swift */,
			);
			path = factory;
			sourceTree = "<group>";
		};
		80BCF6192AFBB76D00802B96 /* setting */ = {
			isa = PBXGroup;
			children = (
				80BCF6232AFBDED000802B96 /* PasswordPadVC.swift */,
				80BCF61A2AFBB78400802B96 /* DatePickerVC.swift */,
				80BCF61E2AFBCB8500802B96 /* PasswordSettingVC.swift */,
				80BCF6252AFBF7C800802B96 /* LanguageVC.swift */,
				80BCF62C2AFCAE1500802B96 /* SubscriptionVC.swift */,
				80BCF6322AFCE65000802B96 /* ConnectToSNSVC.swift */,
			);
			path = setting;
			sourceTree = "<group>";
		};
		80BCF6202AFBDA2B00802B96 /* setting */ = {
			isa = PBXGroup;
			children = (
				80BCF6212AFBDA4000802B96 /* PasswordViewSettingVM.swift */,
				80BCF62A2AFCA7BC00802B96 /* LanguageVM.swift */,
				80BCF62E2AFCB06300802B96 /* SubscriptionVM.swift */,
				80BCF6342AFCE9AE00802B96 /* ConnectToSNSVM.swift */,
			);
			path = setting;
			sourceTree = "<group>";
		};
		80BCF6272AFCA76300802B96 /* util */ = {
			isa = PBXGroup;
			children = (
				80BCF6282AFCA77000802B96 /* LanguageManager.swift */,
				8058F9BB2AFF7F2500868D58 /* Localizable.strings */,
			);
			path = util;
			sourceTree = "<group>";
		};
		CA7A0B9C2A8835B6194BF131 /* Frameworks */ = {
			isa = PBXGroup;
			children = (
				80BCF6302AFCD50100802B96 /* StoreKit.framework */,
				E7F046045062FE3A78FCE025 /* Pods_MoodOMeter.framework */,
				8058F9C32AFFCC5F00868D58 /* WidgetKit.framework */,
				8058F9C52AFFCC5F00868D58 /* SwiftUI.framework */,
			);
			name = Frameworks;
			sourceTree = "<group>";
		};
/* End PBXGroup section */

/* Begin PBXNativeTarget section */
		8033B82D2AF74BD10032009A /* MoodOMeter */ = {
			isa = PBXNativeTarget;
			buildConfigurationList = 8033B8422AF74BD40032009A /* Build configuration list for PBXNativeTarget "MoodOMeter" */;
			buildPhases = (
				F4B7BE7A45E03F3A56B53DE6 /* [CP] Check Pods Manifest.lock */,
				8033B82A2AF74BD10032009A /* Sources */,
				8033B82B2AF74BD10032009A /* Frameworks */,
				8033B82C2AF74BD10032009A /* Resources */,
				D0EDE9ED7DDD053752E4B356 /* [CP] Embed Pods Frameworks */,
				8058F9D52AFFCC6200868D58 /* Embed Foundation Extensions */,
			);
			buildRules = (
			);
			dependencies = (
				8058F9D02AFFCC6200868D58 /* PBXTargetDependency */,
			);
			name = MoodOMeter;
			packageProductDependencies = (
				805D7DA02AF77A3300DC8CFC /* CombineCocoa */,
				80BCF5EC2AF8BBBE00802B96 /* SnapKit */,
			);
			productName = MoodOMeter;
			productReference = 8033B82E2AF74BD10032009A /* MoodOMeter.app */;
			productType = "com.apple.product-type.application";
		};
		8058F9C12AFFCC5F00868D58 /* DayWidgetExtension */ = {
			isa = PBXNativeTarget;
			buildConfigurationList = 8058F9D22AFFCC6200868D58 /* Build configuration list for PBXNativeTarget "DayWidgetExtension" */;
			buildPhases = (
				8058F9BE2AFFCC5F00868D58 /* Sources */,
				8058F9BF2AFFCC5F00868D58 /* Frameworks */,
				8058F9C02AFFCC5F00868D58 /* Resources */,
			);
			buildRules = (
			);
			dependencies = (
			);
			name = DayWidgetExtension;
			productName = DayWidgetExtension;
			productReference = 8058F9C22AFFCC5F00868D58 /* DayWidgetExtension.appex */;
			productType = "com.apple.product-type.app-extension";
		};
/* End PBXNativeTarget section */

/* Begin PBXProject section */
		8033B8262AF74BD10032009A /* Project object */ = {
			isa = PBXProject;
			attributes = {
				BuildIndependentTargetsInParallel = 1;
				LastSwiftUpdateCheck = 1500;
				LastUpgradeCheck = 1500;
				TargetAttributes = {
					8033B82D2AF74BD10032009A = {
						CreatedOnToolsVersion = 15.0.1;
					};
					8058F9C12AFFCC5F00868D58 = {
						CreatedOnToolsVersion = 15.0.1;
					};
				};
			};
			buildConfigurationList = 8033B8292AF74BD10032009A /* Build configuration list for PBXProject "MoodOMeter" */;
			compatibilityVersion = "Xcode 14.0";
			developmentRegion = ko;
			hasScannedForEncodings = 0;
			knownRegions = (
				ko,
				Base,
				en,
				id,
			);
			mainGroup = 8033B8252AF74BD10032009A;
			packageReferences = (
				805D7D9F2AF77A3300DC8CFC /* XCRemoteSwiftPackageReference "CombineCocoa" */,
				80BCF5EB2AF8BBBE00802B96 /* XCRemoteSwiftPackageReference "SnapKit" */,
			);
			productRefGroup = 8033B82F2AF74BD10032009A /* Products */;
			projectDirPath = "";
			projectRoot = "";
			targets = (
				8033B82D2AF74BD10032009A /* MoodOMeter */,
				8058F9C12AFFCC5F00868D58 /* DayWidgetExtension */,
			);
		};
/* End PBXProject section */

/* Begin PBXResourcesBuildPhase section */
		8033B82C2AF74BD10032009A /* Resources */ = {
			isa = PBXResourcesBuildPhase;
			buildActionMask = 2147483647;
			files = (
				80A129DB2AFFE26A000A0C6A /* Pods-MoodOMeter.release.xcconfig in Resources */,
				80BCF5FB2AFA887200802B96 /* user defaults.md in Resources */,
				8033B83E2AF74BD40032009A /* LaunchScreen.storyboard in Resources */,
				8033B83B2AF74BD40032009A /* Assets.xcassets in Resources */,
				80A129DD2AFFE26D000A0C6A /* Pods-MoodOMeter.debug.xcconfig in Resources */,
				8058F9B92AFF7F2500868D58 /* Localizable.strings in Resources */,
				80BCF5E62AF8AB6E00802B96 /* DiaryViewCell.xib in Resources */,
				8033B8392AF74BD10032009A /* Main.storyboard in Resources */,
				80BCF5FD2AFA8A7000802B96 /* GoogleService-Info.plist in Resources */,
			);
			runOnlyForDeploymentPostprocessing = 0;
		};
		8058F9C02AFFCC5F00868D58 /* Resources */ = {
			isa = PBXResourcesBuildPhase;
			buildActionMask = 2147483647;
			files = (
				80A129DE2AFFE26E000A0C6A /* Pods-MoodOMeter.debug.xcconfig in Resources */,
				8058F9CD2AFFCC6200868D58 /* Assets.xcassets in Resources */,
				80A129DC2AFFE26B000A0C6A /* Pods-MoodOMeter.release.xcconfig in Resources */,
				8058F9DA2AFFD00A00868D58 /* Localizable.strings in Resources */,
			);
			runOnlyForDeploymentPostprocessing = 0;
		};
/* End PBXResourcesBuildPhase section */

/* Begin PBXShellScriptBuildPhase section */
		D0EDE9ED7DDD053752E4B356 /* [CP] Embed Pods Frameworks */ = {
			isa = PBXShellScriptBuildPhase;
			buildActionMask = 2147483647;
			files = (
			);
			inputFileListPaths = (
				"${PODS_ROOT}/Target Support Files/Pods-MoodOMeter/Pods-MoodOMeter-frameworks-${CONFIGURATION}-input-files.xcfilelist",
			);
			name = "[CP] Embed Pods Frameworks";
			outputFileListPaths = (
				"${PODS_ROOT}/Target Support Files/Pods-MoodOMeter/Pods-MoodOMeter-frameworks-${CONFIGURATION}-output-files.xcfilelist",
			);
			runOnlyForDeploymentPostprocessing = 0;
			shellPath = /bin/sh;
			shellScript = "\"${PODS_ROOT}/Target Support Files/Pods-MoodOMeter/Pods-MoodOMeter-frameworks.sh\"\n";
			showEnvVarsInLog = 0;
		};
		F4B7BE7A45E03F3A56B53DE6 /* [CP] Check Pods Manifest.lock */ = {
			isa = PBXShellScriptBuildPhase;
			buildActionMask = 2147483647;
			files = (
			);
			inputFileListPaths = (
			);
			inputPaths = (
				"${PODS_PODFILE_DIR_PATH}/Podfile.lock",
				"${PODS_ROOT}/Manifest.lock",
			);
			name = "[CP] Check Pods Manifest.lock";
			outputFileListPaths = (
			);
			outputPaths = (
				"$(DERIVED_FILE_DIR)/Pods-MoodOMeter-checkManifestLockResult.txt",
			);
			runOnlyForDeploymentPostprocessing = 0;
			shellPath = /bin/sh;
			shellScript = "diff \"${PODS_PODFILE_DIR_PATH}/Podfile.lock\" \"${PODS_ROOT}/Manifest.lock\" > /dev/null\nif [ $? != 0 ] ; then\n    # print error to STDERR\n    echo \"error: The sandbox is not in sync with the Podfile.lock. Run 'pod install' or update your CocoaPods installation.\" >&2\n    exit 1\nfi\n# This output is used by Xcode 'outputs' to avoid re-running this script phase.\necho \"SUCCESS\" > \"${SCRIPT_OUTPUT_FILE_0}\"\n";
			showEnvVarsInLog = 0;
		};
/* End PBXShellScriptBuildPhase section */

/* Begin PBXSourcesBuildPhase section */
		8033B82A2AF74BD10032009A /* Sources */ = {
			isa = PBXSourcesBuildPhase;
			buildActionMask = 2147483647;
			files = (
				8033B8362AF74BD10032009A /* MainVC.swift in Sources */,
				80BCF5F72AFA337D00802B96 /* WriteDiaryVC.swift in Sources */,
				80BCF62B2AFCA7BC00802B96 /* LanguageVM.swift in Sources */,
				80BCF5F32AF9470A00802B96 /* ReportVC.swift in Sources */,
				80BCF60D2AFB96E400802B96 /* SettingVC.swift in Sources */,
				80BCF6332AFCE65000802B96 /* ConnectToSNSVC.swift in Sources */,
				80BCF6052AFAA2C700802B96 /* UIImage+Extension.swift in Sources */,
				80BCF6222AFBDA4000802B96 /* PasswordViewSettingVM.swift in Sources */,
				805D7DAC2AF77C5700DC8CFC /* String+Extension.swift in Sources */,
				80BCF60B2AFB703700802B96 /* UINavigationController+Extension.swift in Sources */,
				80BCF61B2AFBB78400802B96 /* DatePickerVC.swift in Sources */,
				805D7D9E2AF7796000DC8CFC /* MainVM.swift in Sources */,
				80BCF5F52AF94E9E00802B96 /* ReportVM.swift in Sources */,
				80BCF6032AFAA2A500802B96 /* PlainSegmentedControl.swift in Sources */,
				805D7DA62AF77AEB00DC8CFC /* MainStickers.swift in Sources */,
				80BCF6182AFBA5C700802B96 /* SettingVM.swift in Sources */,
				80BCF62F2AFCB06300802B96 /* SubscriptionVM.swift in Sources */,
				8058F9D72AFFCDB000868D58 /* DayWidget.intentdefinition in Sources */,
				80BCF6242AFBDED000802B96 /* PasswordPadVC.swift in Sources */,
				80BCF5FF2AFA99B500802B96 /* StickerVC.swift in Sources */,
				80BCF5F12AF8CDAB00802B96 /* DairyVM.swift in Sources */,
				80BCF61D2AFBBD3800802B96 /* Int+Extension.swift in Sources */,
				80BCF6162AFB9AEF00802B96 /* IndicatorViewFactory.swift in Sources */,
				80BCF5EF2AF8BDDD00802B96 /* DiaryCollectionViewCell.swift in Sources */,
				80BCF6262AFBF7C800802B96 /* LanguageVC.swift in Sources */,
				80BCF6072AFAA43700802B96 /* StickerVCCell.swift in Sources */,
				80BCF61F2AFBCB8500802B96 /* PasswordSettingVC.swift in Sources */,
				80BCF5E82AF8B0AC00802B96 /* DiaryVC.swift in Sources */,
				805D7DA82AF77AF100DC8CFC /* subscription.swift in Sources */,
				805D7DAE2AF77D3500DC8CFC /* Date+Extension.swift in Sources */,
				80BCF5F92AFA35AC00802B96 /* WriteDiaryVM.swift in Sources */,
				80BCF5E52AF8AB6E00802B96 /* DiaryViewCell.swift in Sources */,
				8033B8322AF74BD10032009A /* AppDelegate.swift in Sources */,
				80CE65762AFDE518007F4550 /* UIAlertFactory.swift in Sources */,
				80BCF6292AFCA77000802B96 /* LanguageManager.swift in Sources */,
				805D7D982AF777FA00DC8CFC /* CalendarDateView.swift in Sources */,
				805D7D9B2AF778F100DC8CFC /* UIView+Extension.swift in Sources */,
				80BCF6352AFCE9AE00802B96 /* ConnectToSNSVM.swift in Sources */,
				80BCF62D2AFCAE1600802B96 /* SubscriptionVC.swift in Sources */,
				80CE65782AFDE76E007F4550 /* UIAlertAction+Extension.swift in Sources */,
				8033B8342AF74BD10032009A /* SceneDelegate.swift in Sources */,
				805D7DAA2AF77B3000DC8CFC /* Firebase.swift in Sources */,
				805D7DA42AF77AE400DC8CFC /* DiaryModel.swift in Sources */,
			);
			runOnlyForDeploymentPostprocessing = 0;
		};
		8058F9BE2AFFCC5F00868D58 /* Sources */ = {
			isa = PBXSourcesBuildPhase;
			buildActionMask = 2147483647;
			files = (
				8058F9D82AFFCDB000868D58 /* DayWidget.intentdefinition in Sources */,
				8058F9CB2AFFCC5F00868D58 /* DayWidget.swift in Sources */,
				8058F9C92AFFCC5F00868D58 /* DayWidgetBundle.swift in Sources */,
			);
			runOnlyForDeploymentPostprocessing = 0;
		};
/* End PBXSourcesBuildPhase section */

/* Begin PBXTargetDependency section */
		8058F9D02AFFCC6200868D58 /* PBXTargetDependency */ = {
			isa = PBXTargetDependency;
			target = 8058F9C12AFFCC5F00868D58 /* DayWidgetExtension */;
			targetProxy = 8058F9CF2AFFCC6200868D58 /* PBXContainerItemProxy */;
		};
/* End PBXTargetDependency section */

/* Begin PBXVariantGroup section */
		8033B8372AF74BD10032009A /* Main.storyboard */ = {
			isa = PBXVariantGroup;
			children = (
				80CE659D2AFE8A39007F4550 /* Base */,
				80CE659F2AFE8A45007F4550 /* en */,
				80CE65A02AFE8A53007F4550 /* id */,
			);
			name = Main.storyboard;
			sourceTree = "<group>";
		};
		8033B83C2AF74BD40032009A /* LaunchScreen.storyboard */ = {
			isa = PBXVariantGroup;
			children = (
				80CE659E2AFE8A39007F4550 /* Base */,
			);
			name = LaunchScreen.storyboard;
			sourceTree = "<group>";
		};
		8058F9BB2AFF7F2500868D58 /* Localizable.strings */ = {
			isa = PBXVariantGroup;
			children = (
				8058F9BA2AFF7F2500868D58 /* ko */,
				8058F9BC2AFF7F2800868D58 /* en */,
				8058F9BD2AFF7F2A00868D58 /* id */,
			);
			name = Localizable.strings;
			sourceTree = "<group>";
		};
/* End PBXVariantGroup section */

/* Begin XCBuildConfiguration section */
		8033B8402AF74BD40032009A /* Debug */ = {
			isa = XCBuildConfiguration;
			buildSettings = {
				ALWAYS_SEARCH_USER_PATHS = NO;
				ASSETCATALOG_COMPILER_GENERATE_SWIFT_ASSET_SYMBOL_EXTENSIONS = YES;
				CLANG_ANALYZER_LOCALIZABILITY_NONLOCALIZED = YES;
				CLANG_ANALYZER_NONNULL = YES;
				CLANG_ANALYZER_NUMBER_OBJECT_CONVERSION = YES_AGGRESSIVE;
				CLANG_CXX_LANGUAGE_STANDARD = "gnu++20";
				CLANG_ENABLE_MODULES = YES;
				CLANG_ENABLE_OBJC_ARC = YES;
				CLANG_ENABLE_OBJC_WEAK = YES;
				CLANG_WARN_BLOCK_CAPTURE_AUTORELEASING = YES;
				CLANG_WARN_BOOL_CONVERSION = YES;
				CLANG_WARN_COMMA = YES;
				CLANG_WARN_CONSTANT_CONVERSION = YES;
				CLANG_WARN_DEPRECATED_OBJC_IMPLEMENTATIONS = YES;
				CLANG_WARN_DIRECT_OBJC_ISA_USAGE = YES_ERROR;
				CLANG_WARN_DOCUMENTATION_COMMENTS = YES;
				CLANG_WARN_EMPTY_BODY = YES;
				CLANG_WARN_ENUM_CONVERSION = YES;
				CLANG_WARN_INFINITE_RECURSION = YES;
				CLANG_WARN_INT_CONVERSION = YES;
				CLANG_WARN_NON_LITERAL_NULL_CONVERSION = YES;
				CLANG_WARN_OBJC_IMPLICIT_RETAIN_SELF = YES;
				CLANG_WARN_OBJC_LITERAL_CONVERSION = YES;
				CLANG_WARN_OBJC_ROOT_CLASS = YES_ERROR;
				CLANG_WARN_QUOTED_INCLUDE_IN_FRAMEWORK_HEADER = YES;
				CLANG_WARN_RANGE_LOOP_ANALYSIS = YES;
				CLANG_WARN_STRICT_PROTOTYPES = YES;
				CLANG_WARN_SUSPICIOUS_MOVE = YES;
				CLANG_WARN_UNGUARDED_AVAILABILITY = YES_AGGRESSIVE;
				CLANG_WARN_UNREACHABLE_CODE = YES;
				CLANG_WARN__DUPLICATE_METHOD_MATCH = YES;
				COPY_PHASE_STRIP = NO;
				DEBUG_INFORMATION_FORMAT = dwarf;
				ENABLE_STRICT_OBJC_MSGSEND = YES;
				ENABLE_TESTABILITY = YES;
				ENABLE_USER_SCRIPT_SANDBOXING = YES;
				GCC_C_LANGUAGE_STANDARD = gnu17;
				GCC_DYNAMIC_NO_PIC = NO;
				GCC_NO_COMMON_BLOCKS = YES;
				GCC_OPTIMIZATION_LEVEL = 0;
				GCC_PREPROCESSOR_DEFINITIONS = (
					"DEBUG=1",
					"$(inherited)",
				);
				GCC_WARN_64_TO_32_BIT_CONVERSION = YES;
				GCC_WARN_ABOUT_RETURN_TYPE = YES_ERROR;
				GCC_WARN_UNDECLARED_SELECTOR = YES;
				GCC_WARN_UNINITIALIZED_AUTOS = YES_AGGRESSIVE;
				GCC_WARN_UNUSED_FUNCTION = YES;
				GCC_WARN_UNUSED_VARIABLE = YES;
				IPHONEOS_DEPLOYMENT_TARGET = 14.0;
				LOCALIZATION_PREFERS_STRING_CATALOGS = YES;
				MTL_ENABLE_DEBUG_INFO = INCLUDE_SOURCE;
				MTL_FAST_MATH = YES;
				ONLY_ACTIVE_ARCH = YES;
				SDKROOT = iphoneos;
				SWIFT_ACTIVE_COMPILATION_CONDITIONS = "DEBUG $(inherited)";
				SWIFT_OPTIMIZATION_LEVEL = "-Onone";
			};
			name = Debug;
		};
		8033B8412AF74BD40032009A /* Release */ = {
			isa = XCBuildConfiguration;
			buildSettings = {
				ALWAYS_SEARCH_USER_PATHS = NO;
				ASSETCATALOG_COMPILER_GENERATE_SWIFT_ASSET_SYMBOL_EXTENSIONS = YES;
				CLANG_ANALYZER_LOCALIZABILITY_NONLOCALIZED = YES;
				CLANG_ANALYZER_NONNULL = YES;
				CLANG_ANALYZER_NUMBER_OBJECT_CONVERSION = YES_AGGRESSIVE;
				CLANG_CXX_LANGUAGE_STANDARD = "gnu++20";
				CLANG_ENABLE_MODULES = YES;
				CLANG_ENABLE_OBJC_ARC = YES;
				CLANG_ENABLE_OBJC_WEAK = YES;
				CLANG_WARN_BLOCK_CAPTURE_AUTORELEASING = YES;
				CLANG_WARN_BOOL_CONVERSION = YES;
				CLANG_WARN_COMMA = YES;
				CLANG_WARN_CONSTANT_CONVERSION = YES;
				CLANG_WARN_DEPRECATED_OBJC_IMPLEMENTATIONS = YES;
				CLANG_WARN_DIRECT_OBJC_ISA_USAGE = YES_ERROR;
				CLANG_WARN_DOCUMENTATION_COMMENTS = YES;
				CLANG_WARN_EMPTY_BODY = YES;
				CLANG_WARN_ENUM_CONVERSION = YES;
				CLANG_WARN_INFINITE_RECURSION = YES;
				CLANG_WARN_INT_CONVERSION = YES;
				CLANG_WARN_NON_LITERAL_NULL_CONVERSION = YES;
				CLANG_WARN_OBJC_IMPLICIT_RETAIN_SELF = YES;
				CLANG_WARN_OBJC_LITERAL_CONVERSION = YES;
				CLANG_WARN_OBJC_ROOT_CLASS = YES_ERROR;
				CLANG_WARN_QUOTED_INCLUDE_IN_FRAMEWORK_HEADER = YES;
				CLANG_WARN_RANGE_LOOP_ANALYSIS = YES;
				CLANG_WARN_STRICT_PROTOTYPES = YES;
				CLANG_WARN_SUSPICIOUS_MOVE = YES;
				CLANG_WARN_UNGUARDED_AVAILABILITY = YES_AGGRESSIVE;
				CLANG_WARN_UNREACHABLE_CODE = YES;
				CLANG_WARN__DUPLICATE_METHOD_MATCH = YES;
				COPY_PHASE_STRIP = NO;
				DEBUG_INFORMATION_FORMAT = "dwarf-with-dsym";
				ENABLE_NS_ASSERTIONS = NO;
				ENABLE_STRICT_OBJC_MSGSEND = YES;
				ENABLE_USER_SCRIPT_SANDBOXING = YES;
				GCC_C_LANGUAGE_STANDARD = gnu17;
				GCC_NO_COMMON_BLOCKS = YES;
				GCC_WARN_64_TO_32_BIT_CONVERSION = YES;
				GCC_WARN_ABOUT_RETURN_TYPE = YES_ERROR;
				GCC_WARN_UNDECLARED_SELECTOR = YES;
				GCC_WARN_UNINITIALIZED_AUTOS = YES_AGGRESSIVE;
				GCC_WARN_UNUSED_FUNCTION = YES;
				GCC_WARN_UNUSED_VARIABLE = YES;
				IPHONEOS_DEPLOYMENT_TARGET = 14.0;
				LOCALIZATION_PREFERS_STRING_CATALOGS = YES;
				MTL_ENABLE_DEBUG_INFO = NO;
				MTL_FAST_MATH = YES;
				SDKROOT = iphoneos;
				SWIFT_COMPILATION_MODE = wholemodule;
				VALIDATE_PRODUCT = YES;
			};
			name = Release;
		};
		8033B8432AF74BD40032009A /* Debug */ = {
			isa = XCBuildConfiguration;
			baseConfigurationReference = FDF97CE5461F01F426B82A88 /* Pods-MoodOMeter.debug.xcconfig */;
			buildSettings = {
				ALWAYS_EMBED_SWIFT_STANDARD_LIBRARIES = YES;
				ASSETCATALOG_COMPILER_APPICON_NAME = AppIcon;
				ASSETCATALOG_COMPILER_GLOBAL_ACCENT_COLOR_NAME = AccentColor;
				CODE_SIGN_ENTITLEMENTS = MoodOMeter/MoodOMeter.entitlements;
				CODE_SIGN_STYLE = Automatic;
				CURRENT_PROJECT_VERSION = 1;
				DEVELOPMENT_TEAM = HK9U3ZG9M5;
				ENABLE_USER_SCRIPT_SANDBOXING = NO;
				GENERATE_INFOPLIST_FILE = YES;
				INFOPLIST_FILE = MoodOMeter/Info.plist;
				INFOPLIST_KEY_LSApplicationCategoryType = "public.app-category.lifestyle";
				INFOPLIST_KEY_NSFaceIDUsageDescription = "Please allow to continue with FaceID!";
				INFOPLIST_KEY_UIApplicationSupportsIndirectInputEvents = YES;
				INFOPLIST_KEY_UILaunchStoryboardName = LaunchScreen;
				INFOPLIST_KEY_UIMainStoryboardFile = Main;
				INFOPLIST_KEY_UISupportedInterfaceOrientations_iPad = "UIInterfaceOrientationPortrait UIInterfaceOrientationPortraitUpsideDown UIInterfaceOrientationLandscapeLeft UIInterfaceOrientationLandscapeRight";
				INFOPLIST_KEY_UISupportedInterfaceOrientations_iPhone = "UIInterfaceOrientationPortrait UIInterfaceOrientationLandscapeLeft UIInterfaceOrientationLandscapeRight";
				IPHONEOS_DEPLOYMENT_TARGET = 14.0;
				LD_RUNPATH_SEARCH_PATHS = (
					"$(inherited)",
					"@executable_path/Frameworks",
				);
				MARKETING_VERSION = 2.0;
				PRODUCT_BUNDLE_IDENTIFIER = febby.Moody;
				PRODUCT_NAME = "$(TARGET_NAME)";
				SUPPORTED_PLATFORMS = "iphoneos iphonesimulator";
				SUPPORTS_MACCATALYST = NO;
				SUPPORTS_MAC_DESIGNED_FOR_IPHONE_IPAD = NO;
				SWIFT_EMIT_LOC_STRINGS = YES;
				SWIFT_VERSION = 5.0;
				TARGETED_DEVICE_FAMILY = "1,2";
			};
			name = Debug;
		};
		8033B8442AF74BD40032009A /* Release */ = {
			isa = XCBuildConfiguration;
			baseConfigurationReference = 96E633D1AF2356CD09B826D6 /* Pods-MoodOMeter.release.xcconfig */;
			buildSettings = {
				ALWAYS_EMBED_SWIFT_STANDARD_LIBRARIES = YES;
				ASSETCATALOG_COMPILER_APPICON_NAME = AppIcon;
				ASSETCATALOG_COMPILER_GLOBAL_ACCENT_COLOR_NAME = AccentColor;
				CODE_SIGN_ENTITLEMENTS = MoodOMeter/MoodOMeter.entitlements;
				CODE_SIGN_STYLE = Automatic;
				CURRENT_PROJECT_VERSION = 1;
				DEVELOPMENT_TEAM = HK9U3ZG9M5;
				ENABLE_USER_SCRIPT_SANDBOXING = NO;
				GENERATE_INFOPLIST_FILE = YES;
				INFOPLIST_FILE = MoodOMeter/Info.plist;
				INFOPLIST_KEY_LSApplicationCategoryType = "public.app-category.lifestyle";
				INFOPLIST_KEY_NSFaceIDUsageDescription = "Please allow to continue with FaceID!";
				INFOPLIST_KEY_UIApplicationSupportsIndirectInputEvents = YES;
				INFOPLIST_KEY_UILaunchStoryboardName = LaunchScreen;
				INFOPLIST_KEY_UIMainStoryboardFile = Main;
				INFOPLIST_KEY_UISupportedInterfaceOrientations_iPad = "UIInterfaceOrientationPortrait UIInterfaceOrientationPortraitUpsideDown UIInterfaceOrientationLandscapeLeft UIInterfaceOrientationLandscapeRight";
				INFOPLIST_KEY_UISupportedInterfaceOrientations_iPhone = "UIInterfaceOrientationPortrait UIInterfaceOrientationLandscapeLeft UIInterfaceOrientationLandscapeRight";
				IPHONEOS_DEPLOYMENT_TARGET = 14.0;
				LD_RUNPATH_SEARCH_PATHS = (
					"$(inherited)",
					"@executable_path/Frameworks",
				);
				MARKETING_VERSION = 2.0;
				PRODUCT_BUNDLE_IDENTIFIER = febby.Moody;
				PRODUCT_NAME = "$(TARGET_NAME)";
				SUPPORTED_PLATFORMS = "iphoneos iphonesimulator";
				SUPPORTS_MACCATALYST = NO;
				SUPPORTS_MAC_DESIGNED_FOR_IPHONE_IPAD = NO;
				SWIFT_EMIT_LOC_STRINGS = YES;
				SWIFT_VERSION = 5.0;
				TARGETED_DEVICE_FAMILY = "1,2";
			};
			name = Release;
		};
		8058F9D32AFFCC6200868D58 /* Debug */ = {
			isa = XCBuildConfiguration;
			buildSettings = {
				ASSETCATALOG_COMPILER_GLOBAL_ACCENT_COLOR_NAME = AccentColor;
				ASSETCATALOG_COMPILER_WIDGET_BACKGROUND_COLOR_NAME = WidgetBackground;
				CODE_SIGN_STYLE = Automatic;
				CURRENT_PROJECT_VERSION = 1;
				DEVELOPMENT_TEAM = HK9U3ZG9M5;
				GENERATE_INFOPLIST_FILE = YES;
				INFOPLIST_FILE = DayWidget/Info.plist;
				INFOPLIST_KEY_CFBundleDisplayName = DayWidget;
				INFOPLIST_KEY_NSHumanReadableCopyright = "";
				IPHONEOS_DEPLOYMENT_TARGET = 15.0;
				LD_RUNPATH_SEARCH_PATHS = (
					"$(inherited)",
					"@executable_path/Frameworks",
					"@executable_path/../../Frameworks",
				);
				MARKETING_VERSION = 1.0;
				PRODUCT_BUNDLE_IDENTIFIER = febby.Moody.DayWidget;
				PRODUCT_NAME = "$(TARGET_NAME)";
				SKIP_INSTALL = YES;
				SUPPORTED_PLATFORMS = "iphoneos iphonesimulator";
				SUPPORTS_MACCATALYST = NO;
				SUPPORTS_MAC_DESIGNED_FOR_IPHONE_IPAD = NO;
				SWIFT_EMIT_LOC_STRINGS = YES;
				SWIFT_VERSION = 5.0;
				TARGETED_DEVICE_FAMILY = "1,2";
			};
			name = Debug;
		};
		8058F9D42AFFCC6200868D58 /* Release */ = {
			isa = XCBuildConfiguration;
			buildSettings = {
				ASSETCATALOG_COMPILER_GLOBAL_ACCENT_COLOR_NAME = AccentColor;
				ASSETCATALOG_COMPILER_WIDGET_BACKGROUND_COLOR_NAME = WidgetBackground;
				CODE_SIGN_STYLE = Automatic;
				CURRENT_PROJECT_VERSION = 1;
				DEVELOPMENT_TEAM = HK9U3ZG9M5;
				GENERATE_INFOPLIST_FILE = YES;
				INFOPLIST_FILE = DayWidget/Info.plist;
				INFOPLIST_KEY_CFBundleDisplayName = DayWidget;
				INFOPLIST_KEY_NSHumanReadableCopyright = "";
				IPHONEOS_DEPLOYMENT_TARGET = 15.0;
				LD_RUNPATH_SEARCH_PATHS = (
					"$(inherited)",
					"@executable_path/Frameworks",
					"@executable_path/../../Frameworks",
				);
				MARKETING_VERSION = 1.0;
				PRODUCT_BUNDLE_IDENTIFIER = febby.Moody.DayWidget;
				PRODUCT_NAME = "$(TARGET_NAME)";
				SKIP_INSTALL = YES;
				SUPPORTED_PLATFORMS = "iphoneos iphonesimulator";
				SUPPORTS_MACCATALYST = NO;
				SUPPORTS_MAC_DESIGNED_FOR_IPHONE_IPAD = NO;
				SWIFT_EMIT_LOC_STRINGS = YES;
				SWIFT_VERSION = 5.0;
				TARGETED_DEVICE_FAMILY = "1,2";
			};
			name = Release;
		};
/* End XCBuildConfiguration section */

/* Begin XCConfigurationList section */
		8033B8292AF74BD10032009A /* Build configuration list for PBXProject "MoodOMeter" */ = {
			isa = XCConfigurationList;
			buildConfigurations = (
				8033B8402AF74BD40032009A /* Debug */,
				8033B8412AF74BD40032009A /* Release */,
			);
			defaultConfigurationIsVisible = 0;
			defaultConfigurationName = Release;
		};
		8033B8422AF74BD40032009A /* Build configuration list for PBXNativeTarget "MoodOMeter" */ = {
			isa = XCConfigurationList;
			buildConfigurations = (
				8033B8432AF74BD40032009A /* Debug */,
				8033B8442AF74BD40032009A /* Release */,
			);
			defaultConfigurationIsVisible = 0;
			defaultConfigurationName = Release;
		};
		8058F9D22AFFCC6200868D58 /* Build configuration list for PBXNativeTarget "DayWidgetExtension" */ = {
			isa = XCConfigurationList;
			buildConfigurations = (
				8058F9D32AFFCC6200868D58 /* Debug */,
				8058F9D42AFFCC6200868D58 /* Release */,
			);
			defaultConfigurationIsVisible = 0;
			defaultConfigurationName = Release;
		};
/* End XCConfigurationList section */

/* Begin XCRemoteSwiftPackageReference section */
		805D7D9F2AF77A3300DC8CFC /* XCRemoteSwiftPackageReference "CombineCocoa" */ = {
			isa = XCRemoteSwiftPackageReference;
			repositoryURL = "https://github.com/CombineCommunity/CombineCocoa";
			requirement = {
				kind = upToNextMajorVersion;
				minimumVersion = 0.4.1;
			};
		};
		80BCF5EB2AF8BBBE00802B96 /* XCRemoteSwiftPackageReference "SnapKit" */ = {
			isa = XCRemoteSwiftPackageReference;
			repositoryURL = "https://github.com/SnapKit/SnapKit";
			requirement = {
				kind = upToNextMajorVersion;
				minimumVersion = 5.6.0;
			};
		};
/* End XCRemoteSwiftPackageReference section */

/* Begin XCSwiftPackageProductDependency section */
		805D7DA02AF77A3300DC8CFC /* CombineCocoa */ = {
			isa = XCSwiftPackageProductDependency;
			package = 805D7D9F2AF77A3300DC8CFC /* XCRemoteSwiftPackageReference "CombineCocoa" */;
			productName = CombineCocoa;
		};
		80BCF5EC2AF8BBBE00802B96 /* SnapKit */ = {
			isa = XCSwiftPackageProductDependency;
			package = 80BCF5EB2AF8BBBE00802B96 /* XCRemoteSwiftPackageReference "SnapKit" */;
			productName = SnapKit;
		};
/* End XCSwiftPackageProductDependency section */
	};
	rootObject = 8033B8262AF74BD10032009A /* Project object */;
}
